
Microsoft Visual Studio Solution File, Format Version 12.00
# Visual Studio Version 17
VisualStudioVersion = 17.9.34728.123
MinimumVisualStudioVersion = 10.0.40219.1
Project("{FAE04EC0-301F-11D3-BF4B-00C04F79EFBC}") = "Cod3rsGrowth.Dominio", "Cod3rsGrowth.Dominio\Cod3rsGrowth.Dominio.csproj", "{30BAAC76-D94B-489C-BC21-0D2669137CA5}"
EndProject
Project("{FAE04EC0-301F-11D3-BF4B-00C04F79EFBC}") = "Cod3rsGrowth.Infra", "Cod3rsGrowth.Infra\Cod3rsGrowth.Infra.csproj", "{562FB21C-EE94-4B56-8742-63DBF84B4DE8}"
EndProject
Project("{FAE04EC0-301F-11D3-BF4B-00C04F79EFBC}") = "Cod3rsGrowth.Forms", "Cod3rsGrowth.Forms\Cod3rsGrowth.Forms.csproj", "{A2F68CCA-6F1A-44EA-A5F2-4EED61484856}"
EndProject
Project("{FAE04EC0-301F-11D3-BF4B-00C04F79EFBC}") = "Cod3rsGrowth.Web", "Cod3rsGrowth.Web\Cod3rsGrowth.Web.csproj", "{8BDEBF06-5900-4E80-A0F6-489A429930B7}"
EndProject
Project("{FAE04EC0-301F-11D3-BF4B-00C04F79EFBC}") = "Cod3rsGrowth.Testes", "Cod3rsGrowth.Testes\Cod3rsGrowth.Testes.csproj", "{227AD2BA-88AE-4171-9DA6-91CBC619172D}"
EndProject
Global
	GlobalSection(SolutionConfigurationPlatforms) = preSolution
		Debug|Any CPU = Debug|Any CPU
		Release|Any CPU = Release|Any CPU
	EndGlobalSection
	GlobalSection(ProjectConfigurationPlatforms) = postSolution
		{30BAAC76-D94B-489C-BC21-0D2669137CA5}.Debug|Any CPU.ActiveCfg = Debug|Any CPU
		{30BAAC76-D94B-489C-BC21-0D2669137CA5}.Debug|Any CPU.Build.0 = Debug|Any CPU
		{30BAAC76-D94B-489C-BC21-0D2669137CA5}.Release|Any CPU.ActiveCfg = Release|Any CPU
		{30BAAC76-D94B-489C-BC21-0D2669137CA5}.Release|Any CPU.Build.0 = Release|Any CPU
		{562FB21C-EE94-4B56-8742-63DBF84B4DE8}.Debug|Any CPU.ActiveCfg = Debug|Any CPU
		{562FB21C-EE94-4B56-8742-63DBF84B4DE8}.Debug|Any CPU.Build.0 = Debug|Any CPU
		{562FB21C-EE94-4B56-8742-63DBF84B4DE8}.Release|Any CPU.ActiveCfg = Release|Any CPU
		{562FB21C-EE94-4B56-8742-63DBF84B4DE8}.Release|Any CPU.Build.0 = Release|Any CPU
		{A2F68CCA-6F1A-44EA-A5F2-4EED61484856}.Debug|Any CPU.ActiveCfg = Debug|Any CPU
		{A2F68CCA-6F1A-44EA-A5F2-4EED61484856}.Debug|Any CPU.Build.0 = Debug|Any CPU
		{A2F68CCA-6F1A-44EA-A5F2-4EED61484856}.Release|Any CPU.ActiveCfg = Release|Any CPU
		{A2F68CCA-6F1A-44EA-A5F2-4EED61484856}.Release|Any CPU.Build.0 = Release|Any CPU
		{8BDEBF06-5900-4E80-A0F6-489A429930B7}.Debug|Any CPU.ActiveCfg = Debug|Any CPU
		{8BDEBF06-5900-4E80-A0F6-489A429930B7}.Debug|Any CPU.Build.0 = Debug|Any CPU
		{8BDEBF06-5900-4E80-A0F6-489A429930B7}.Release|Any CPU.ActiveCfg = Release|Any CPU
		{8BDEBF06-5900-4E80-A0F6-489A429930B7}.Release|Any CPU.Build.0 = Release|Any CPU
		{227AD2BA-88AE-4171-9DA6-91CBC619172D}.Debug|Any CPU.ActiveCfg = Debug|Any CPU
		{227AD2BA-88AE-4171-9DA6-91CBC619172D}.Debug|Any CPU.Build.0 = Debug|Any CPU
		{227AD2BA-88AE-4171-9DA6-91CBC619172D}.Release|Any CPU.ActiveCfg = Release|Any CPU
		{227AD2BA-88AE-4171-9DA6-91CBC619172D}.Release|Any CPU.Build.0 = Release|Any CPU
	EndGlobalSection
	GlobalSection(SolutionProperties) = preSolution
		HideSolutionNode = FALSE
	EndGlobalSection
	GlobalSection(ExtensibilityGlobals) = postSolution
		SolutionGuid = {B33F40D4-8DC6-423F-B738-62D6ACBEC8FC}
	EndGlobalSection
EndGlobal
